
Microsoft Visual Studio Solution File, Format Version 12.00
# Visual Studio Version 17
VisualStudioVersion = 17.7.34031.279
MinimumVisualStudioVersion = 10.0.40219.1
Project("{9A19103F-16F7-4668-BE54-9A1E7A4F7556}") = "TesteAccenture.Testes", "TesteAccenture.Testes.csproj", "{CC5DDAFA-509A-46FC-9E8A-486A89613C73}"
EndProject
Global
	GlobalSection(SolutionConfigurationPlatforms) = preSolution
		Debug|Any CPU = Debug|Any CPU
		Release|Any CPU = Release|Any CPU
	EndGlobalSection
	GlobalSection(ProjectConfigurationPlatforms) = postSolution
		{CC5DDAFA-509A-46FC-9E8A-486A89613C73}.Debug|Any CPU.ActiveCfg = Debug|Any CPU
		{CC5DDAFA-509A-46FC-9E8A-486A89613C73}.Debug|Any CPU.Build.0 = Debug|Any CPU
		{CC5DDAFA-509A-46FC-9E8A-486A89613C73}.Release|Any CPU.ActiveCfg = Release|Any CPU
		{CC5DDAFA-509A-46FC-9E8A-486A89613C73}.Release|Any CPU.Build.0 = Release|Any CPU
	EndGlobalSection
	GlobalSection(SolutionProperties) = preSolution
		HideSolutionNode = FALSE
	EndGlobalSection
	GlobalSection(ExtensibilityGlobals) = postSolution
		SolutionGuid = {45B21581-724F-407F-81E8-490ED1375619}
	EndGlobalSection
EndGlobal
